
Microsoft Visual Studio Solution File, Format Version 12.00
# Visual Studio Version 16
VisualStudioVersion = 16.0.31911.196
MinimumVisualStudioVersion = 10.0.40219.1
Project("{FAE04EC0-301F-11D3-BF4B-00C04F79EFBC}") = "EngramIDE", "EngramIDE\EngramIDE.csproj", "{7C672E79-6DEA-47A3-9436-4FE126C16E6C}"
EndProject
Global
	GlobalSection(SolutionConfigurationPlatforms) = preSolution
		Debug|Any CPU = Debug|Any CPU
		Release|Any CPU = Release|Any CPU
	EndGlobalSection
	GlobalSection(ProjectConfigurationPlatforms) = postSolution
		{7C672E79-6DEA-47A3-9436-4FE126C16E6C}.Debug|Any CPU.ActiveCfg = Debug|Any CPU
		{7C672E79-6DEA-47A3-9436-4FE126C16E6C}.Debug|Any CPU.Build.0 = Debug|Any CPU
		{7C672E79-6DEA-47A3-9436-4FE126C16E6C}.Release|Any CPU.ActiveCfg = Release|Any CPU
		{7C672E79-6DEA-47A3-9436-4FE126C16E6C}.Release|Any CPU.Build.0 = Release|Any CPU
	EndGlobalSection
	GlobalSection(SolutionProperties) = preSolution
		HideSolutionNode = FALSE
	EndGlobalSection
	GlobalSection(ExtensibilityGlobals) = postSolution
		SolutionGuid = {C5BFAB20-DDEB-4149-9673-E7AA1BF19EE6}
	EndGlobalSection
EndGlobal
